Microsoft Visual Studio Solution File, Format Version 12.00
# Visual Studio 15
VisualStudioVersion = 15.0.27004.2002
MinimumVisualStudioVersion = 15.0.26124.0
Project("{9A19103F-16F7-4668-BE54-9A1E7A4F7556}") = "Abci", "src\Abci\Abci.csproj", "{6489B02B-98A4-433D-BBB1-2F767EF9548F}"
EndProject
Project("{9A19103F-16F7-4668-BE54-9A1E7A4F7556}") = "Abci.Tests", "src\Abci.Tests\Abci.Tests.csproj", "{BD1B766A-4C79-4DE9-9BB5-A8260A8850BD}"
EndProject
Project("{9A19103F-16F7-4668-BE54-9A1E7A4F7556}") = "counter", "src\Examples\Counter\counter.csproj", "{70D018D3-3A02-4BD3-AEBD-943F907F9141}"
EndProject
Project("{9A19103F-16F7-4668-BE54-9A1E7A4F7556}") = "CounterClient", "src\Examples\CounterClient\CounterClient.csproj", "{C06AD9C9-C3CE-4D79-9A86-298D1DDEEA3A}"
EndProject
Project("{2150E333-8FDC-42A3-9474-1A3956D46DE8}") = "Examples", "Examples", "{A2B53C04-45B4-4271-887F-C04A1D88D065}"
EndProject
Global
	GlobalSection(SolutionConfigurationPlatforms) = preSolution
		Debug|Any CPU = Debug|Any CPU
		Release|Any CPU = Release|Any CPU
	EndGlobalSection
	GlobalSection(ProjectConfigurationPlatforms) = postSolution
		{6489B02B-98A4-433D-BBB1-2F767EF9548F}.Debug|Any CPU.ActiveCfg = Debug|Any CPU
		{6489B02B-98A4-433D-BBB1-2F767EF9548F}.Debug|Any CPU.Build.0 = Debug|Any CPU
		{6489B02B-98A4-433D-BBB1-2F767EF9548F}.Release|Any CPU.ActiveCfg = Release|Any CPU
		{6489B02B-98A4-433D-BBB1-2F767EF9548F}.Release|Any CPU.Build.0 = Release|Any CPU
		{BD1B766A-4C79-4DE9-9BB5-A8260A8850BD}.Debug|Any CPU.ActiveCfg = Debug|Any CPU
		{BD1B766A-4C79-4DE9-9BB5-A8260A8850BD}.Debug|Any CPU.Build.0 = Debug|Any CPU
		{BD1B766A-4C79-4DE9-9BB5-A8260A8850BD}.Release|Any CPU.ActiveCfg = Release|Any CPU
		{BD1B766A-4C79-4DE9-9BB5-A8260A8850BD}.Release|Any CPU.Build.0 = Release|Any CPU
		{70D018D3-3A02-4BD3-AEBD-943F907F9141}.Debug|Any CPU.ActiveCfg = Debug|Any CPU
		{70D018D3-3A02-4BD3-AEBD-943F907F9141}.Debug|Any CPU.Build.0 = Debug|Any CPU
		{70D018D3-3A02-4BD3-AEBD-943F907F9141}.Release|Any CPU.ActiveCfg = Release|Any CPU
		{70D018D3-3A02-4BD3-AEBD-943F907F9141}.Release|Any CPU.Build.0 = Release|Any CPU
		{C06AD9C9-C3CE-4D79-9A86-298D1DDEEA3A}.Debug|Any CPU.ActiveCfg = Debug|Any CPU
		{C06AD9C9-C3CE-4D79-9A86-298D1DDEEA3A}.Debug|Any CPU.Build.0 = Debug|Any CPU
		{C06AD9C9-C3CE-4D79-9A86-298D1DDEEA3A}.Release|Any CPU.ActiveCfg = Release|Any CPU
		{C06AD9C9-C3CE-4D79-9A86-298D1DDEEA3A}.Release|Any CPU.Build.0 = Release|Any CPU
	EndGlobalSection
	GlobalSection(SolutionProperties) = preSolution
		HideSolutionNode = FALSE
	EndGlobalSection
	GlobalSection(NestedProjects) = preSolution
		{70D018D3-3A02-4BD3-AEBD-943F907F9141} = {A2B53C04-45B4-4271-887F-C04A1D88D065}
		{C06AD9C9-C3CE-4D79-9A86-298D1DDEEA3A} = {A2B53C04-45B4-4271-887F-C04A1D88D065}
	EndGlobalSection
	GlobalSection(ExtensibilityGlobals) = postSolution
		SolutionGuid = {34DDF030-892C-487D-A9C0-A9F58A47E67A}
	EndGlobalSection
EndGlobal
